// !$*UTF8*$!
{
	archiveVersion = 1;
	classes = {
	};
	objectVersion = 50;
	objects = {

/* Begin PBXBuildFile section */
		320850C7262617CE00CB5F3D /* NoTasksViewControllerTest.swift in Sources */ = {isa = PBXBuildFile; fileRef = 320850C6262617CE00CB5F3D /* NoTasksViewControllerTest.swift */; };
		320850CD2626188600CB5F3D /* NoTasksViewController.swift in Sources */ = {isa = PBXBuildFile; fileRef = 320850CC2626188600CB5F3D /* NoTasksViewController.swift */; };
		322E0EB42623C9900026FB92 /* TaskListViewControllerTest.swift in Sources */ = {isa = PBXBuildFile; fileRef = 322E0EB32623C9900026FB92 /* TaskListViewControllerTest.swift */; };
		322E0EB92623CA130026FB92 /* TaskListViewController.swift in Sources */ = {isa = PBXBuildFile; fileRef = 322E0EB82623CA130026FB92 /* TaskListViewController.swift */; };
		32797FBE26224A1F001DA780 /* AppDelegate.swift in Sources */ = {isa = PBXBuildFile; fileRef = 32797FBD26224A1F001DA780 /* AppDelegate.swift */; };
		32797FC026224A1F001DA780 /* SceneDelegate.swift in Sources */ = {isa = PBXBuildFile; fileRef = 32797FBF26224A1F001DA780 /* SceneDelegate.swift */; };
		32797FC726224A23001DA780 /* Assets.xcassets in Resources */ = {isa = PBXBuildFile; fileRef = 32797FC626224A23001DA780 /* Assets.xcassets */; };
		32797FCA26224A23001DA780 /* LaunchScreen.storyboard in Resources */ = {isa = PBXBuildFile; fileRef = 32797FC826224A23001DA780 /* LaunchScreen.storyboard */; };
/* End PBXBuildFile section */

/* Begin PBXContainerItemProxy section */
		32797FD126224A23001DA780 /* PBXContainerItemProxy */ = {
			isa = PBXContainerItemProxy;
			containerPortal = 32797FB226224A1F001DA780 /* Project object */;
			proxyType = 1;
			remoteGlobalIDString = 32797FB926224A1F001DA780;
			remoteInfo = DoTheWorkApp;
		};
/* End PBXContainerItemProxy section */

/* Begin PBXFileReference section */
		320850C6262617CE00CB5F3D /* NoTasksViewControllerTest.swift */ = {isa = PBXFileReference; lastKnownFileType = sourcecode.swift; path = NoTasksViewControllerTest.swift; sourceTree = "<group>"; };
		320850CC2626188600CB5F3D /* NoTasksViewController.swift */ = {isa = PBXFileReference; lastKnownFileType = sourcecode.swift; path = NoTasksViewController.swift; sourceTree = "<group>"; };
		322E0EB32623C9900026FB92 /* TaskListViewControllerTest.swift */ = {isa = PBXFileReference; lastKnownFileType = sourcecode.swift; path = TaskListViewControllerTest.swift; sourceTree = "<group>"; };
		322E0EB82623CA130026FB92 /* TaskListViewController.swift */ = {isa = PBXFileReference; lastKnownFileType = sourcecode.swift; path = TaskListViewController.swift; sourceTree = "<group>"; };
		32797FBA26224A1F001DA780 /* DoTheWorkApp.app */ = {isa = PBXFileReference; explicitFileType = wrapper.application; includeInIndex = 0; path = DoTheWorkApp.app; sourceTree = BUILT_PRODUCTS_DIR; };
		32797FBD26224A1F001DA780 /* AppDelegate.swift */ = {isa = PBXFileReference; lastKnownFileType = sourcecode.swift; path = AppDelegate.swift; sourceTree = "<group>"; };
		32797FBF26224A1F001DA780 /* SceneDelegate.swift */ = {isa = PBXFileReference; lastKnownFileType = sourcecode.swift; path = SceneDelegate.swift; sourceTree = "<group>"; };
		32797FC626224A23001DA780 /* Assets.xcassets */ = {isa = PBXFileReference; lastKnownFileType = folder.assetcatalog; path = Assets.xcassets; sourceTree = "<group>"; };
		32797FC926224A23001DA780 /* Base */ = {isa = PBXFileReference; lastKnownFileType = file.storyboard; name = Base; path = Base.lproj/LaunchScreen.storyboard; sourceTree = "<group>"; };
		32797FCB26224A23001DA780 /* Info.plist */ = {isa = PBXFileReference; lastKnownFileType = text.plist.xml; path = Info.plist; sourceTree = "<group>"; };
		32797FD026224A23001DA780 /* DoTheWorkAppTests.xctest */ = {isa = PBXFileReference; explicitFileType = wrapper.cfbundle; includeInIndex = 0; path = DoTheWorkAppTests.xctest; sourceTree = BUILT_PRODUCTS_DIR; };
		32797FD626224A23001DA780 /* Info.plist */ = {isa = PBXFileReference; lastKnownFileType = text.plist.xml; path = Info.plist; sourceTree = "<group>"; };
/* End PBXFileReference section */

/* Begin PBXFrameworksBuildPhase section */
		32797FB726224A1F001DA780 /* Frameworks */ = {
			isa = PBXFrameworksBuildPhase;
			buildActionMask = 2147483647;
			files = (
			);
			runOnlyForDeploymentPostprocessing = 0;
		};
		32797FCD26224A23001DA780 /* Frameworks */ = {
			isa = PBXFrameworksBuildPhase;
			buildActionMask = 2147483647;
			files = (
			);
			runOnlyForDeploymentPostprocessing = 0;
		};
/* End PBXFrameworksBuildPhase section */

/* Begin PBXGroup section */
		32797FB126224A1F001DA780 = {
			isa = PBXGroup;
			children = (
				32797FBC26224A1F001DA780 /* DoTheWorkApp */,
				32797FD326224A23001DA780 /* DoTheWorkAppTests */,
				32797FBB26224A1F001DA780 /* Products */,
			);
			sourceTree = "<group>";
		};
		32797FBB26224A1F001DA780 /* Products */ = {
			isa = PBXGroup;
			children = (
				32797FBA26224A1F001DA780 /* DoTheWorkApp.app */,
				32797FD026224A23001DA780 /* DoTheWorkAppTests.xctest */,
			);
			name = Products;
			sourceTree = "<group>";
		};
		32797FBC26224A1F001DA780 /* DoTheWorkApp */ = {
			isa = PBXGroup;
			children = (
				32797FBD26224A1F001DA780 /* AppDelegate.swift */,
				32797FBF26224A1F001DA780 /* SceneDelegate.swift */,
				322E0EB82623CA130026FB92 /* TaskListViewController.swift */,
				320850CC2626188600CB5F3D /* NoTasksViewController.swift */,
				32797FC626224A23001DA780 /* Assets.xcassets */,
				32797FC826224A23001DA780 /* LaunchScreen.storyboard */,
				32797FCB26224A23001DA780 /* Info.plist */,
			);
			path = DoTheWorkApp;
			sourceTree = "<group>";
		};
		32797FD326224A23001DA780 /* DoTheWorkAppTests */ = {
			isa = PBXGroup;
			children = (
				32797FD626224A23001DA780 /* Info.plist */,
				322E0EB32623C9900026FB92 /* TaskListViewControllerTest.swift */,
				320850C6262617CE00CB5F3D /* NoTasksViewControllerTest.swift */,
			);
			path = DoTheWorkAppTests;
			sourceTree = "<group>";
		};
/* End PBXGroup section */

/* Begin PBXNativeTarget section */
		32797FB926224A1F001DA780 /* DoTheWorkApp */ = {
			isa = PBXNativeTarget;
			buildConfigurationList = 32797FE426224A23001DA780 /* Build configuration list for PBXNativeTarget "DoTheWorkApp" */;
			buildPhases = (
				32797FB626224A1F001DA780 /* Sources */,
				32797FB726224A1F001DA780 /* Frameworks */,
				32797FB826224A1F001DA780 /* Resources */,
			);
			buildRules = (
			);
			dependencies = (
			);
			name = DoTheWorkApp;
			productName = DoTheWorkApp;
			productReference = 32797FBA26224A1F001DA780 /* DoTheWorkApp.app */;
			productType = "com.apple.product-type.application";
		};
		32797FCF26224A23001DA780 /* DoTheWorkAppTests */ = {
			isa = PBXNativeTarget;
			buildConfigurationList = 32797FE726224A23001DA780 /* Build configuration list for PBXNativeTarget "DoTheWorkAppTests" */;
			buildPhases = (
				32797FCC26224A23001DA780 /* Sources */,
				32797FCD26224A23001DA780 /* Frameworks */,
				32797FCE26224A23001DA780 /* Resources */,
			);
			buildRules = (
			);
			dependencies = (
				32797FD226224A23001DA780 /* PBXTargetDependency */,
			);
			name = DoTheWorkAppTests;
			productName = DoTheWorkAppTests;
			productReference = 32797FD026224A23001DA780 /* DoTheWorkAppTests.xctest */;
			productType = "com.apple.product-type.bundle.unit-test";
		};
/* End PBXNativeTarget section */

/* Begin PBXProject section */
		32797FB226224A1F001DA780 /* Project object */ = {
			isa = PBXProject;
			attributes = {
				LastSwiftUpdateCheck = 1240;
				LastUpgradeCheck = 1240;
				TargetAttributes = {
					32797FB926224A1F001DA780 = {
						CreatedOnToolsVersion = 12.4;
					};
					32797FCF26224A23001DA780 = {
						CreatedOnToolsVersion = 12.4;
						LastSwiftMigration = 1240;
						TestTargetID = 32797FB926224A1F001DA780;
					};
				};
			};
			buildConfigurationList = 32797FB526224A1F001DA780 /* Build configuration list for PBXProject "DoTheWorkApp" */;
			compatibilityVersion = "Xcode 9.3";
			developmentRegion = en;
			hasScannedForEncodings = 0;
			knownRegions = (
				en,
				Base,
			);
			mainGroup = 32797FB126224A1F001DA780;
			productRefGroup = 32797FBB26224A1F001DA780 /* Products */;
			projectDirPath = "";
			projectRoot = "";
			targets = (
				32797FB926224A1F001DA780 /* DoTheWorkApp */,
				32797FCF26224A23001DA780 /* DoTheWorkAppTests */,
			);
		};
/* End PBXProject section */

/* Begin PBXResourcesBuildPhase section */
		32797FB826224A1F001DA780 /* Resources */ = {
			isa = PBXResourcesBuildPhase;
			buildActionMask = 2147483647;
			files = (
				32797FCA26224A23001DA780 /* LaunchScreen.storyboard in Resources */,
				32797FC726224A23001DA780 /* Assets.xcassets in Resources */,
			);
			runOnlyForDeploymentPostprocessing = 0;
		};
		32797FCE26224A23001DA780 /* Resources */ = {
			isa = PBXResourcesBuildPhase;
			buildActionMask = 2147483647;
			files = (
			);
			runOnlyForDeploymentPostprocessing = 0;
		};
/* End PBXResourcesBuildPhase section */

/* Begin PBXSourcesBuildPhase section */
		32797FB626224A1F001DA780 /* Sources */ = {
			isa = PBXSourcesBuildPhase;
			buildActionMask = 2147483647;
			files = (
				320850CD2626188600CB5F3D /* NoTasksViewController.swift in Sources */,
				32797FBE26224A1F001DA780 /* AppDelegate.swift in Sources */,
				32797FC026224A1F001DA780 /* SceneDelegate.swift in Sources */,
				322E0EB92623CA130026FB92 /* TaskListViewController.swift in Sources */,
			);
			runOnlyForDeploymentPostprocessing = 0;
		};
		32797FCC26224A23001DA780 /* Sources */ = {
			isa = PBXSourcesBuildPhase;
			buildActionMask = 2147483647;
			files = (
				320850C7262617CE00CB5F3D /* NoTasksViewControllerTest.swift in Sources */,
				322E0EB42623C9900026FB92 /* TaskListViewControllerTest.swift in Sources */,
			);
			runOnlyForDeploymentPostprocessing = 0;
		};
/* End PBXSourcesBuildPhase section */

/* Begin PBXTargetDependency section */
		32797FD226224A23001DA780 /* PBXTargetDependency */ = {
			isa = PBXTargetDependency;
			target = 32797FB926224A1F001DA780 /* DoTheWorkApp */;
			targetProxy = 32797FD126224A23001DA780 /* PBXContainerItemProxy */;
		};
/* End PBXTargetDependency section */

/* Begin PBXVariantGroup section */
		32797FC826224A23001DA780 /* LaunchScreen.storyboard */ = {
			isa = PBXVariantGroup;
			children = (
				32797FC926224A23001DA780 /* Base */,
			);
			name = LaunchScreen.storyboard;
			sourceTree = "<group>";
		};
/* End PBXVariantGroup section */

/* Begin XCBuildConfiguration section */
		32797FE226224A23001DA780 /* Debug */ = {
			isa = XCBuildConfiguration;
			buildSettings = {
				ALWAYS_SEARCH_USER_PATHS = NO;
				CLANG_ANALYZER_NONNULL = YES;
				CLANG_ANALYZER_NUMBER_OBJECT_CONVERSION = YES_AGGRESSIVE;
				CLANG_CXX_LANGUAGE_STANDARD = "gnu++14";
				CLANG_CXX_LIBRARY = "libc++";
				CLANG_ENABLE_MODULES = YES;
				CLANG_ENABLE_OBJC_ARC = YES;
				CLANG_ENABLE_OBJC_WEAK = YES;
				CLANG_WARN_BLOCK_CAPTURE_AUTORELEASING = YES;
				CLANG_WARN_BOOL_CONVERSION = YES;
				CLANG_WARN_COMMA = YES;
				CLANG_WARN_CONSTANT_CONVERSION = YES;
				CLANG_WARN_DEPRECATED_OBJC_IMPLEMENTATIONS = YES;
				CLANG_WARN_DIRECT_OBJC_ISA_USAGE = YES_ERROR;
				CLANG_WARN_DOCUMENTATION_COMMENTS = YES;
				CLANG_WARN_EMPTY_BODY = YES;
				CLANG_WARN_ENUM_CONVERSION = YES;
				CLANG_WARN_INFINITE_RECURSION = YES;
				CLANG_WARN_INT_CONVERSION = YES;
				CLANG_WARN_NON_LITERAL_NULL_CONVERSION = YES;
				CLANG_WARN_OBJC_IMPLICIT_RETAIN_SELF = YES;
				CLANG_WARN_OBJC_LITERAL_CONVERSION = YES;
				CLANG_WARN_OBJC_ROOT_CLASS = YES_ERROR;
				CLANG_WARN_QUOTED_INCLUDE_IN_FRAMEWORK_HEADER = YES;
				CLANG_WARN_RANGE_LOOP_ANALYSIS = YES;
				CLANG_WARN_STRICT_PROTOTYPES = YES;
				CLANG_WARN_SUSPICIOUS_MOVE = YES;
				CLANG_WARN_UNGUARDED_AVAILABILITY = YES_AGGRESSIVE;
				CLANG_WARN_UNREACHABLE_CODE = YES;
				CLANG_WARN__DUPLICATE_METHOD_MATCH = YES;
				COPY_PHASE_STRIP = NO;
				DEBUG_INFORMATION_FORMAT = dwarf;
				ENABLE_STRICT_OBJC_MSGSEND = YES;
				ENABLE_TESTABILITY = YES;
				GCC_C_LANGUAGE_STANDARD = gnu11;
				GCC_DYNAMIC_NO_PIC = NO;
				GCC_NO_COMMON_BLOCKS = YES;
				GCC_OPTIMIZATION_LEVEL = 0;
				GCC_PREPROCESSOR_DEFINITIONS = (
					"DEBUG=1",
					"$(inherited)",
				);
				GCC_WARN_64_TO_32_BIT_CONVERSION = YES;
				GCC_WARN_ABOUT_RETURN_TYPE = YES_ERROR;
				GCC_WARN_UNDECLARED_SELECTOR = YES;
				GCC_WARN_UNINITIALIZED_AUTOS = YES_AGGRESSIVE;
				GCC_WARN_UNUSED_FUNCTION = YES;
				GCC_WARN_UNUSED_VARIABLE = YES;
				IPHONEOS_DEPLOYMENT_TARGET = 14.4;
				MTL_ENABLE_DEBUG_INFO = INCLUDE_SOURCE;
				MTL_FAST_MATH = YES;
				ONLY_ACTIVE_ARCH = YES;
				SDKROOT = iphoneos;
				SWIFT_ACTIVE_COMPILATION_CONDITIONS = DEBUG;
				SWIFT_OPTIMIZATION_LEVEL = "-Onone";
			};
			name = Debug;
		};
		32797FE326224A23001DA780 /* Release */ = {
			isa = XCBuildConfiguration;
			buildSettings = {
				ALWAYS_SEARCH_USER_PATHS = NO;
				CLANG_ANALYZER_NONNULL = YES;
				CLANG_ANALYZER_NUMBER_OBJECT_CONVERSION = YES_AGGRESSIVE;
				CLANG_CXX_LANGUAGE_STANDARD = "gnu++14";
				CLANG_CXX_LIBRARY = "libc++";
				CLANG_ENABLE_MODULES = YES;
				CLANG_ENABLE_OBJC_ARC = YES;
				CLANG_ENABLE_OBJC_WEAK = YES;
				CLANG_WARN_BLOCK_CAPTURE_AUTORELEASING = YES;
				CLANG_WARN_BOOL_CONVERSION = YES;
				CLANG_WARN_COMMA = YES;
				CLANG_WARN_CONSTANT_CONVERSION = YES;
				CLANG_WARN_DEPRECATED_OBJC_IMPLEMENTATIONS = YES;
				CLANG_WARN_DIRECT_OBJC_ISA_USAGE = YES_ERROR;
				CLANG_WARN_DOCUMENTATION_COMMENTS = YES;
				CLANG_WARN_EMPTY_BODY = YES;
				CLANG_WARN_ENUM_CONVERSION = YES;
				CLANG_WARN_INFINITE_RECURSION = YES;
				CLANG_WARN_INT_CONVERSION = YES;
				CLANG_WARN_NON_LITERAL_NULL_CONVERSION = YES;
				CLANG_WARN_OBJC_IMPLICIT_RETAIN_SELF = YES;
				CLANG_WARN_OBJC_LITERAL_CONVERSION = YES;
				CLANG_WARN_OBJC_ROOT_CLASS = YES_ERROR;
				CLANG_WARN_QUOTED_INCLUDE_IN_FRAMEWORK_HEADER = YES;
				CLANG_WARN_RANGE_LOOP_ANALYSIS = YES;
				CLANG_WARN_STRICT_PROTOTYPES = YES;
				CLANG_WARN_SUSPICIOUS_MOVE = YES;
				CLANG_WARN_UNGUARDED_AVAILABILITY = YES_AGGRESSIVE;
				CLANG_WARN_UNREACHABLE_CODE = YES;
				CLANG_WARN__DUPLICATE_METHOD_MATCH = YES;
				COPY_PHASE_STRIP = NO;
				DEBUG_INFORMATION_FORMAT = "dwarf-with-dsym";
				ENABLE_NS_ASSERTIONS = NO;
				ENABLE_STRICT_OBJC_MSGSEND = YES;
				GCC_C_LANGUAGE_STANDARD = gnu11;
				GCC_NO_COMMON_BLOCKS = YES;
				GCC_WARN_64_TO_32_BIT_CONVERSION = YES;
				GCC_WARN_ABOUT_RETURN_TYPE = YES_ERROR;
				GCC_WARN_UNDECLARED_SELECTOR = YES;
				GCC_WARN_UNINITIALIZED_AUTOS = YES_AGGRESSIVE;
				GCC_WARN_UNUSED_FUNCTION = YES;
				GCC_WARN_UNUSED_VARIABLE = YES;
				IPHONEOS_DEPLOYMENT_TARGET = 14.4;
				MTL_ENABLE_DEBUG_INFO = NO;
				MTL_FAST_MATH = YES;
				SDKROOT = iphoneos;
				SWIFT_COMPILATION_MODE = wholemodule;
				SWIFT_OPTIMIZATION_LEVEL = "-O";
				VALIDATE_PRODUCT = YES;
			};
			name = Release;
		};
		32797FE526224A23001DA780 /* Debug */ = {
			isa = XCBuildConfiguration;
			buildSettings = {
				ASSETCATALOG_COMPILER_APPICON_NAME = AppIcon;
				ASSETCATALOG_COMPILER_GLOBAL_ACCENT_COLOR_NAME = AccentColor;
				CODE_SIGN_STYLE = Automatic;
				DEVELOPMENT_TEAM = 9YBP68LYN2;
				INFOPLIST_FILE = DoTheWorkApp/Info.plist;
				LD_RUNPATH_SEARCH_PATHS = (
					"$(inherited)",
					"@executable_path/Frameworks",
				);
				PRODUCT_BUNDLE_IDENTIFIER = Ty.DoTheWorkApp;
				PRODUCT_NAME = "$(TARGET_NAME)";
				SWIFT_VERSION = 5.0;
				TARGETED_DEVICE_FAMILY = "1,2";
			};
			name = Debug;
		};
		32797FE626224A23001DA780 /* Release */ = {
			isa = XCBuildConfiguration;
			buildSettings = {
				ASSETCATALOG_COMPILER_APPICON_NAME = AppIcon;
				ASSETCATALOG_COMPILER_GLOBAL_ACCENT_COLOR_NAME = AccentColor;
				CODE_SIGN_STYLE = Automatic;
				DEVELOPMENT_TEAM = 9YBP68LYN2;
				INFOPLIST_FILE = DoTheWorkApp/Info.plist;
				LD_RUNPATH_SEARCH_PATHS = (
					"$(inherited)",
					"@executable_path/Frameworks",
				);
				PRODUCT_BUNDLE_IDENTIFIER = Ty.DoTheWorkApp;
				PRODUCT_NAME = "$(TARGET_NAME)";
				SWIFT_VERSION = 5.0;
				TARGETED_DEVICE_FAMILY = "1,2";
			};
			name = Release;
		};
		32797FE826224A23001DA780 /* Debug */ = {
			isa = XCBuildConfiguration;
			buildSettings = {
				ALWAYS_EMBED_SWIFT_STANDARD_LIBRARIES = YES;
				BUNDLE_LOADER = "$(TEST_HOST)";
				CLANG_ENABLE_MODULES = YES;
				CODE_SIGN_STYLE = Automatic;
				DEVELOPMENT_TEAM = 9YBP68LYN2;
				INFOPLIST_FILE = DoTheWorkAppTests/Info.plist;
				IPHONEOS_DEPLOYMENT_TARGET = 14.4;
				LD_RUNPATH_SEARCH_PATHS = (
					"$(inherited)",
					"@executable_path/Frameworks",
					"@loader_path/Frameworks",
				);
				PRODUCT_BUNDLE_IDENTIFIER = Ty.DoTheWorkAppTests;
				PRODUCT_NAME = "$(TARGET_NAME)";
				SWIFT_OPTIMIZATION_LEVEL = "-Onone";
				SWIFT_VERSION = 5.0;
				TARGETED_DEVICE_FAMILY = "1,2";
				TEST_HOST = "$(BUILT_PRODUCTS_DIR)/DoTheWorkApp.app/DoTheWorkApp";
			};
			name = Debug;
		};
		32797FE926224A23001DA780 /* Release */ = {
			isa = XCBuildConfiguration;
			buildSettings = {
				ALWAYS_EMBED_SWIFT_STANDARD_LIBRARIES = YES;
				BUNDLE_LOADER = "$(TEST_HOST)";
				CLANG_ENABLE_MODULES = YES;
				CODE_SIGN_STYLE = Automatic;
				DEVELOPMENT_TEAM = 9YBP68LYN2;
				INFOPLIST_FILE = DoTheWorkAppTests/Info.plist;
				IPHONEOS_DEPLOYMENT_TARGET = 14.4;
				LD_RUNPATH_SEARCH_PATHS = (
					"$(inherited)",
					"@executable_path/Frameworks",
					"@loader_path/Frameworks",
				);
				PRODUCT_BUNDLE_IDENTIFIER = Ty.DoTheWorkAppTests;
				PRODUCT_NAME = "$(TARGET_NAME)";
				SWIFT_VERSION = 5.0;
				TARGETED_DEVICE_FAMILY = "1,2";
				TEST_HOST = "$(BUILT_PRODUCTS_DIR)/DoTheWorkApp.app/DoTheWorkApp";
			};
			name = Release;
		};
/* End XCBuildConfiguration section */

/* Begin XCConfigurationList section */
		32797FB526224A1F001DA780 /* Build configuration list for PBXProject "DoTheWorkApp" */ = {
			isa = XCConfigurationList;
			buildConfigurations = (
				32797FE226224A23001DA780 /* Debug */,
				32797FE326224A23001DA780 /* Release */,
			);
			defaultConfigurationIsVisible = 0;
			defaultConfigurationName = Release;
		};
		32797FE426224A23001DA780 /* Build configuration list for PBXNativeTarget "DoTheWorkApp" */ = {
			isa = XCConfigurationList;
			buildConfigurations = (
				32797FE526224A23001DA780 /* Debug */,
				32797FE626224A23001DA780 /* Release */,
			);
			defaultConfigurationIsVisible = 0;
			defaultConfigurationName = Release;
		};
		32797FE726224A23001DA780 /* Build configuration list for PBXNativeTarget "DoTheWorkAppTests" */ = {
			isa = XCConfigurationList;
			buildConfigurations = (
				32797FE826224A23001DA780 /* Debug */,
				32797FE926224A23001DA780 /* Release */,
			);
			defaultConfigurationIsVisible = 0;
			defaultConfigurationName = Release;
		};
/* End XCConfigurationList section */
	};
	rootObject = 32797FB226224A1F001DA780 /* Project object */;
}
